
Microsoft Visual Studio Solution File, Format Version 12.00
# Visual Studio 15
VisualStudioVersion = 15.0.28307.271
MinimumVisualStudioVersion = 10.0.40219.1
Project("{FAE04EC0-301F-11D3-BF4B-00C04F79EFBC}") = "MVCCRUD", "MVCCRUD\MVCCRUD.csproj", "{B863D5AB-1B05-4652-80F7-2BAA4254367A}"
EndProject
Global
	GlobalSection(SolutionConfigurationPlatforms) = preSolution
		Debug|Any CPU = Debug|Any CPU
		Release|Any CPU = Release|Any CPU
	EndGlobalSection
	GlobalSection(ProjectConfigurationPlatforms) = postSolution
		{B863D5AB-1B05-4652-80F7-2BAA4254367A}.Debug|Any CPU.ActiveCfg = Debug|Any CPU
		{B863D5AB-1B05-4652-80F7-2BAA4254367A}.Debug|Any CPU.Build.0 = Debug|Any CPU
		{B863D5AB-1B05-4652-80F7-2BAA4254367A}.Release|Any CPU.ActiveCfg = Release|Any CPU
		{B863D5AB-1B05-4652-80F7-2BAA4254367A}.Release|Any CPU.Build.0 = Release|Any CPU
	EndGlobalSection
	GlobalSection(SolutionProperties) = preSolution
		HideSolutionNode = FALSE
	EndGlobalSection
	GlobalSection(ExtensibilityGlobals) = postSolution
		SolutionGuid = {F4D5B3E0-3274-4ACD-B5DE-439F56342035}
	EndGlobalSection
EndGlobal
